
Microsoft Visual Studio Solution File, Format Version 12.00
# Visual Studio Version 16
VisualStudioVersion = 16.0.30611.23
MinimumVisualStudioVersion = 10.0.40219.1
Project("{FAE04EC0-301F-11D3-BF4B-00C04F79EFBC}") = "OpenChromePage", "OpenChromePage\OpenChromePage.csproj", "{83A36CC8-AEC1-457F-A3DC-DC4C4109A694}"
EndProject
Global
	GlobalSection(SolutionConfigurationPlatforms) = preSolution
		Debug|Any CPU = Debug|Any CPU
		Release|Any CPU = Release|Any CPU
	EndGlobalSection
	GlobalSection(ProjectConfigurationPlatforms) = postSolution
		{83A36CC8-AEC1-457F-A3DC-DC4C4109A694}.Debug|Any CPU.ActiveCfg = Debug|Any CPU
		{83A36CC8-AEC1-457F-A3DC-DC4C4109A694}.Debug|Any CPU.Build.0 = Debug|Any CPU
		{83A36CC8-AEC1-457F-A3DC-DC4C4109A694}.Release|Any CPU.ActiveCfg = Release|Any CPU
		{83A36CC8-AEC1-457F-A3DC-DC4C4109A694}.Release|Any CPU.Build.0 = Release|Any CPU
	EndGlobalSection
	GlobalSection(SolutionProperties) = preSolution
		HideSolutionNode = FALSE
	EndGlobalSection
	GlobalSection(ExtensibilityGlobals) = postSolution
		SolutionGuid = {2A3F5D9C-AD59-46FA-9A0A-4697B8D3C41E}
	EndGlobalSection
EndGlobal
